<?xml version="1.0" encoding="utf-8"?>
<Project ToolsVersion="4.0" xmlns="http://schemas.microsoft.com/developer/msbuild/2003">
  <ItemGroup>
    <Filter Include="Source Files">
      <UniqueIdentifier>{4FC737F1-C7A5-4376-A066-2A32D752A2FF}</UniqueIdentifier>
      <Extensions>cpp;c;cc;cxx;def;odl;idl;hpj;bat;asm;asmx</Extensions>
    </Filter>
    <Filter Include="Header Files">
      <UniqueIdentifier>{93995380-89BD-4b04-88EB-625FBE52EBFB}</UniqueIdentifier>
      <Extensions>h;hh;hpp;hxx;hm;inl;inc;ipp;xsd</Extensions>
    </Filter>
    <Filter Include="Resource Files">
      <UniqueIdentifier>{67DA6AB6-F800-4c08-8B7A-83BB121AAD01}</UniqueIdentifier>
      <Extensions>rc;ico;cur;bmp;dlg;rc2;rct;bin;rgs;gif;jpg;jpeg;jpe;resx;tiff;tif;png;wav;mfcribbon-ms</Extensions>
    </Filter>
    <Filter Include="Header Files\ImGui">
      <UniqueIdentifier>{ced18ce2-f62f-4954-a726-0fe5da91f78a}</UniqueIdentifier>
    </Filter>
    <Filter Include="Header Files\Engine">
      <UniqueIdentifier>{5b33548a-b2e9-41ed-ba8e-26f806384146}</UniqueIdentifier>
    </Filter>
    <Filter Include="Header Files\Engine\Constants">
      <UniqueIdentifier>{d3925bd9-93e6-4863-ac88-681cd57bd41a}</UniqueIdentifier>
    </Filter>
    <Filter Include="Source Files\Engine">
      <UniqueIdentifier>{f04f3dd3-b4d9-466e-a6f0-c9019c0fc98b}</UniqueIdentifier>
    </Filter>
    <Filter Include="Source Files\Engine\Constants">
      <UniqueIdentifier>{c6909102-f548-44d5-b55a-4d0f5e9d9df5}</UniqueIdentifier>
    </Filter>
    <Filter Include="Source Files\ImGui">
      <UniqueIdentifier>{186accb8-8470-40b4-a461-560261486d0e}</UniqueIdentifier>
    </Filter>
    <Filter Include="Resource Files\Shaders">
      <UniqueIdentifier>{4ccc52f9-2963-4f7e-9764-edd20d8367ce}</UniqueIdentifier>
    </Filter>
    <Filter Include="Header Files\Engine\Gui">
      <UniqueIdentifier>{d3bcd131-cb0b-453a-9683-8fb839b05103}</UniqueIdentifier>
    </Filter>
    <Filter Include="Source Files\Engine\Gui">
      <UniqueIdentifier>{d02e43d2-402a-491b-986e-319a5388f1f9}</UniqueIdentifier>
    </Filter>
    <Filter Include="Header Files\Engine\Simulation">
      <UniqueIdentifier>{38d4200f-1bbe-4925-a659-7c254613930a}</UniqueIdentifier>
    </Filter>
    <Filter Include="Source Files\Engine\Animation">
      <UniqueIdentifier>{c472ff1d-5fd6-4752-8882-d4dd54eadf15}</UniqueIdentifier>
    </Filter>
  </ItemGroup>
  <ItemGroup>
    <ClCompile Include="glad.c">
      <Filter>Source Files</Filter>
    </ClCompile>
    <ClCompile Include="Main.cpp">
      <Filter>Source Files</Filter>
    </ClCompile>
    <ClCompile Include="ImGui\imgui_chart.cpp">
      <Filter>Source Files\ImGui</Filter>
    </ClCompile>
    <ClCompile Include="ImGui\imgui.cpp">
      <Filter>Source Files\ImGui</Filter>
    </ClCompile>
    <ClCompile Include="ImGui\imgui_demo.cpp">
      <Filter>Source Files\ImGui</Filter>
    </ClCompile>
    <ClCompile Include="ImGui\imgui_draw.cpp">
      <Filter>Source Files\ImGui</Filter>
    </ClCompile>
    <ClCompile Include="ImGui\imgui_impl_glfw.cpp">
      <Filter>Source Files\ImGui</Filter>
    </ClCompile>
    <ClCompile Include="ImGui\imgui_impl_opengl2.cpp">
      <Filter>Source Files\ImGui</Filter>
    </ClCompile>
    <ClCompile Include="ImGui\imgui_widgets.cpp">
      <Filter>Source Files\ImGui</Filter>
    </ClCompile>
    <ClCompile Include="Engine\Constnants\WindowConstants.cpp">
      <Filter>Source Files\Engine\Constants</Filter>
    </ClCompile>
    <ClCompile Include="Engine\Engine.cpp">
      <Filter>Source Files\Engine</Filter>
    </ClCompile>
    <ClCompile Include="Engine\Constnants\ShaderConstants.cpp">
      <Filter>Source Files\Engine\Constants</Filter>
    </ClCompile>
    <ClCompile Include="Engine\Gui.cpp">
      <Filter>Source Files\Engine\Gui</Filter>
    </ClCompile>
    <ClCompile Include="Engine\CameraGui.cpp">
      <Filter>Source Files\Engine\Gui</Filter>
    </ClCompile>
    <ClCompile Include="Engine\Constnants\ColorConstants.cpp">
      <Filter>Source Files\Engine\Constants</Filter>
    </ClCompile>
    <ClCompile Include="Engine\Axes.cpp">
      <Filter>Source Files\Engine</Filter>
    </ClCompile>
    <ClCompile Include="Engine\Camera.cpp">
      <Filter>Source Files\Engine</Filter>
    </ClCompile>
    <ClCompile Include="Engine\Constnants\VectorConstants.cpp">
      <Filter>Source Files\Engine\Constants</Filter>
    </ClCompile>
    <ClCompile Include="Engine\Animation.cpp">
      <Filter>Source Files\Engine\Animation</Filter>
    </ClCompile>
    <ClCompile Include="Engine\AnimationView.cpp">
      <Filter>Source Files\Engine\Animation</Filter>
    </ClCompile>
    <ClCompile Include="Engine\AnimationGui.cpp">
      <Filter>Source Files\Engine\Gui</Filter>
    </ClCompile>
  </ItemGroup>
  <ItemGroup>
    <ClInclude Include="ImGui\imgui.h">
      <Filter>Header Files\ImGui</Filter>
    </ClInclude>
    <ClInclude Include="ImGui\imgui_chart.h">
      <Filter>Header Files\ImGui</Filter>
    </ClInclude>
    <ClInclude Include="ImGui\imgui_impl_glfw.h">
      <Filter>Header Files\ImGui</Filter>
    </ClInclude>
    <ClInclude Include="ImGui\imgui_impl_opengl2.h">
      <Filter>Header Files\ImGui</Filter>
    </ClInclude>
    <ClInclude Include="ImGui\imgui_internal.h">
      <Filter>Header Files\ImGui</Filter>
    </ClInclude>
    <ClInclude Include="ImGui\imstb_rectpack.h">
      <Filter>Header Files\ImGui</Filter>
    </ClInclude>
    <ClInclude Include="ImGui\imstb_textedit.h">
      <Filter>Header Files\ImGui</Filter>
    </ClInclude>
    <ClInclude Include="ImGui\imstb_truetype.h">
      <Filter>Header Files\ImGui</Filter>
    </ClInclude>
    <ClInclude Include="Engine\Constnants\WindowConstants.h">
      <Filter>Header Files\Engine\Constants</Filter>
    </ClInclude>
    <ClInclude Include="Engine\Camera.h">
      <Filter>Header Files\Engine</Filter>
    </ClInclude>
    <ClInclude Include="Engine\Engine.h">
      <Filter>Header Files\Engine</Filter>
    </ClInclude>
    <ClInclude Include="Engine\Constnants\ShaderConstants.h">
      <Filter>Header Files\Engine\Constants</Filter>
    </ClInclude>
    <ClInclude Include="Engine\Gui.h">
      <Filter>Header Files\Engine\Gui</Filter>
    </ClInclude>
    <ClInclude Include="Engine\CameraGui.h">
      <Filter>Header Files\Engine\Gui</Filter>
    </ClInclude>
    <ClInclude Include="Engine\Axes.h">
      <Filter>Header Files\Engine</Filter>
    </ClInclude>
    <ClInclude Include="Engine\Constnants\ColorConstants.h">
      <Filter>Header Files\Engine\Constants</Filter>
    </ClInclude>
    <ClInclude Include="Engine\MovementDirection.h">
      <Filter>Header Files\Engine</Filter>
    </ClInclude>
    <ClInclude Include="Engine\Constnants\VectorConstants.h">
      <Filter>Header Files\Engine\Constants</Filter>
    </ClInclude>
    <ClInclude Include="Engine\Configuration.h">
      <Filter>Source Files\Engine\Animation</Filter>
    </ClInclude>
    <ClInclude Include="Engine\Animation.h">
      <Filter>Header Files\Engine\Simulation</Filter>
    </ClInclude>
    <ClInclude Include="Engine\AnimationModel.h">
      <Filter>Header Files\Engine\Simulation</Filter>
    </ClInclude>
    <ClInclude Include="Engine\AnimationView.h">
      <Filter>Header Files\Engine\Simulation</Filter>
    </ClInclude>
    <ClInclude Include="Engine\AnimationGui.h">
      <Filter>Header Files\Engine\Gui</Filter>
    </ClInclude>
    <ClInclude Include="Engine\AnimationModelType.h">
      <Filter>Source Files\Engine</Filter>
    </ClInclude>
  </ItemGroup>
  <ItemGroup>
    <None Include="Engine\Resources\Shaders\PointerShader.fs">
      <Filter>Resource Files\Shaders</Filter>
    </None>
    <None Include="Engine\Resources\Shaders\PointerShader.vs">
      <Filter>Resource Files\Shaders</Filter>
    </None>
  </ItemGroup>
</Project>